
Microsoft Visual Studio Solution File, Format Version 12.00
# Visual Studio Version 17
VisualStudioVersion = 17.5.33530.505
MinimumVisualStudioVersion = 10.0.40219.1
Project("{FAE04EC0-301F-11D3-BF4B-00C04F79EFBC}") = "problem2.1", "problem2.1.csproj", "{BE2FE598-CC6A-41AF-B2BB-8FEA384A8B38}"
EndProject
Global
	GlobalSection(SolutionConfigurationPlatforms) = preSolution
		Debug|Any CPU = Debug|Any CPU
		Release|Any CPU = Release|Any CPU
	EndGlobalSection
	GlobalSection(ProjectConfigurationPlatforms) = postSolution
		{BE2FE598-CC6A-41AF-B2BB-8FEA384A8B38}.Debug|Any CPU.ActiveCfg = Debug|Any CPU
		{BE2FE598-CC6A-41AF-B2BB-8FEA384A8B38}.Debug|Any CPU.Build.0 = Debug|Any CPU
		{BE2FE598-CC6A-41AF-B2BB-8FEA384A8B38}.Release|Any CPU.ActiveCfg = Release|Any CPU
		{BE2FE598-CC6A-41AF-B2BB-8FEA384A8B38}.Release|Any CPU.Build.0 = Release|Any CPU
	EndGlobalSection
	GlobalSection(SolutionProperties) = preSolution
		HideSolutionNode = FALSE
	EndGlobalSection
	GlobalSection(ExtensibilityGlobals) = postSolution
		SolutionGuid = {4DAFAA3A-1FE6-40DD-A14B-89CF5E89556E}
	EndGlobalSection
EndGlobal
